
Microsoft Visual Studio Solution File, Format Version 12.00
# Visual Studio 14
VisualStudioVersion = 14.0.23107.0
MinimumVisualStudioVersion = 10.0.40219.1
Project("{FAE04EC0-301F-11D3-BF4B-00C04F79EFBC}") = "Controllib", "Controllib\Controllib.csproj", "{B9413547-B217-4CC1-90FE-51B5820DF77F}"
EndProject
Project("{FAE04EC0-301F-11D3-BF4B-00C04F79EFBC}") = "ControlTest", "ControlTest\ControlTest.csproj", "{6AE9CF90-B304-4343-B897-7A42E3C0D8E2}"
EndProject
Global
	GlobalSection(SolutionConfigurationPlatforms) = preSolution
		Debug|Any CPU = Debug|Any CPU
		Release|Any CPU = Release|Any CPU
	EndGlobalSection
	GlobalSection(ProjectConfigurationPlatforms) = postSolution
		{B9413547-B217-4CC1-90FE-51B5820DF77F}.Debug|Any CPU.ActiveCfg = Debug|Any CPU
		{B9413547-B217-4CC1-90FE-51B5820DF77F}.Debug|Any CPU.Build.0 = Debug|Any CPU
		{B9413547-B217-4CC1-90FE-51B5820DF77F}.Release|Any CPU.ActiveCfg = Release|Any CPU
		{B9413547-B217-4CC1-90FE-51B5820DF77F}.Release|Any CPU.Build.0 = Release|Any CPU
		{6AE9CF90-B304-4343-B897-7A42E3C0D8E2}.Debug|Any CPU.ActiveCfg = Debug|Any CPU
		{6AE9CF90-B304-4343-B897-7A42E3C0D8E2}.Debug|Any CPU.Build.0 = Debug|Any CPU
		{6AE9CF90-B304-4343-B897-7A42E3C0D8E2}.Release|Any CPU.ActiveCfg = Release|Any CPU
		{6AE9CF90-B304-4343-B897-7A42E3C0D8E2}.Release|Any CPU.Build.0 = Release|Any CPU
	EndGlobalSection
	GlobalSection(SolutionProperties) = preSolution
		HideSolutionNode = FALSE
	EndGlobalSection
EndGlobal
